// !$*UTF8*$!
{
	archiveVersion = 1;
	classes = {
	};
	objectVersion = 50;
	objects = {

/* Begin PBXBuildFile section */
		CA67ACB2262764F800575D90 /* AppDelegate.swift in Sources */ = {isa = PBXBuildFile; fileRef = CA67ACB1262764F800575D90 /* AppDelegate.swift */; };
		CA67ACB4262764F800575D90 /* SceneDelegate.swift in Sources */ = {isa = PBXBuildFile; fileRef = CA67ACB3262764F800575D90 /* SceneDelegate.swift */; };
		CA67ACB6262764F800575D90 /* ViewController.swift in Sources */ = {isa = PBXBuildFile; fileRef = CA67ACB5262764F800575D90 /* ViewController.swift */; };
		CA67ACB9262764F800575D90 /* Main.storyboard in Resources */ = {isa = PBXBuildFile; fileRef = CA67ACB7262764F800575D90 /* Main.storyboard */; };
		CA67ACBB262764FB00575D90 /* Assets.xcassets in Resources */ = {isa = PBXBuildFile; fileRef = CA67ACBA262764FB00575D90 /* Assets.xcassets */; };
		CA67ACBE262764FB00575D90 /* LaunchScreen.storyboard in Resources */ = {isa = PBXBuildFile; fileRef = CA67ACBC262764FB00575D90 /* LaunchScreen.storyboard */; };
		CA67ACC9262764FB00575D90 /* SegmentedPagingTests.swift in Sources */ = {isa = PBXBuildFile; fileRef = CA67ACC8262764FB00575D90 /* SegmentedPagingTests.swift */; };
		CA67ACD4262764FB00575D90 /* SegmentedPagingUITests.swift in Sources */ = {isa = PBXBuildFile; fileRef = CA67ACD3262764FB00575D90 /* SegmentedPagingUITests.swift */; };
/* End PBXBuildFile section */

/* Begin PBXContainerItemProxy section */
		CA67ACC5262764FB00575D90 /* PBXContainerItemProxy */ = {
			isa = PBXContainerItemProxy;
			containerPortal = CA67ACA6262764F800575D90 /* Project object */;
			proxyType = 1;
			remoteGlobalIDString = CA67ACAD262764F800575D90;
			remoteInfo = SegmentedPaging;
		};
		CA67ACD0262764FB00575D90 /* PBXContainerItemProxy */ = {
			isa = PBXContainerItemProxy;
			containerPortal = CA67ACA6262764F800575D90 /* Project object */;
			proxyType = 1;
			remoteGlobalIDString = CA67ACAD262764F800575D90;
			remoteInfo = SegmentedPaging;
		};
/* End PBXContainerItemProxy section */

/* Begin PBXFileReference section */
		CA67ACAE262764F800575D90 /* SegmentedPaging.app */ = {isa = PBXFileReference; explicitFileType = wrapper.application; includeInIndex = 0; path = SegmentedPaging.app; sourceTree = BUILT_PRODUCTS_DIR; };
		CA67ACB1262764F800575D90 /* AppDelegate.swift */ = {isa = PBXFileReference; lastKnownFileType = sourcecode.swift; path = AppDelegate.swift; sourceTree = "<group>"; };
		CA67ACB3262764F800575D90 /* SceneDelegate.swift */ = {isa = PBXFileReference; lastKnownFileType = sourcecode.swift; path = SceneDelegate.swift; sourceTree = "<group>"; };
		CA67ACB5262764F800575D90 /* ViewController.swift */ = {isa = PBXFileReference; lastKnownFileType = sourcecode.swift; path = ViewController.swift; sourceTree = "<group>"; };
		CA67ACB8262764F800575D90 /* Base */ = {isa = PBXFileReference; lastKnownFileType = file.storyboard; name = Base; path = Base.lproj/Main.storyboard; sourceTree = "<group>"; };
		CA67ACBA262764FB00575D90 /* Assets.xcassets */ = {isa = PBXFileReference; lastKnownFileType = folder.assetcatalog; path = Assets.xcassets; sourceTree = "<group>"; };
		CA67ACBD262764FB00575D90 /* Base */ = {isa = PBXFileReference; lastKnownFileType = file.storyboard; name = Base; path = Base.lproj/LaunchScreen.storyboard; sourceTree = "<group>"; };
		CA67ACBF262764FB00575D90 /* Info.plist */ = {isa = PBXFileReference; lastKnownFileType = text.plist.xml; path = Info.plist; sourceTree = "<group>"; };
		CA67ACC4262764FB00575D90 /* SegmentedPagingTests.xctest */ = {isa = PBXFileReference; explicitFileType = wrapper.cfbundle; includeInIndex = 0; path = SegmentedPagingTests.xctest; sourceTree = BUILT_PRODUCTS_DIR; };
		CA67ACC8262764FB00575D90 /* SegmentedPagingTests.swift */ = {isa = PBXFileReference; lastKnownFileType = sourcecode.swift; path = SegmentedPagingTests.swift; sourceTree = "<group>"; };
		CA67ACCA262764FB00575D90 /* Info.plist */ = {isa = PBXFileReference; lastKnownFileType = text.plist.xml; path = Info.plist; sourceTree = "<group>"; };
		CA67ACCF262764FB00575D90 /* SegmentedPagingUITests.xctest */ = {isa = PBXFileReference; explicitFileType = wrapper.cfbundle; includeInIndex = 0; path = SegmentedPagingUITests.xctest; sourceTree = BUILT_PRODUCTS_DIR; };
		CA67ACD3262764FB00575D90 /* SegmentedPagingUITests.swift */ = {isa = PBXFileReference; lastKnownFileType = sourcecode.swift; path = SegmentedPagingUITests.swift; sourceTree = "<group>"; };
		CA67ACD5262764FB00575D90 /* Info.plist */ = {isa = PBXFileReference; lastKnownFileType = text.plist.xml; path = Info.plist; sourceTree = "<group>"; };
/* End PBXFileReference section */

/* Begin PBXFrameworksBuildPhase section */
		CA67ACAB262764F800575D90 /* Frameworks */ = {
			isa = PBXFrameworksBuildPhase;
			buildActionMask = 2147483647;
			files = (
			);
			runOnlyForDeploymentPostprocessing = 0;
		};
		CA67ACC1262764FB00575D90 /* Frameworks */ = {
			isa = PBXFrameworksBuildPhase;
			buildActionMask = 2147483647;
			files = (
			);
			runOnlyForDeploymentPostprocessing = 0;
		};
		CA67ACCC262764FB00575D90 /* Frameworks */ = {
			isa = PBXFrameworksBuildPhase;
			buildActionMask = 2147483647;
			files = (
			);
			runOnlyForDeploymentPostprocessing = 0;
		};
/* End PBXFrameworksBuildPhase section */

/* Begin PBXGroup section */
		CA67ACA5262764F800575D90 = {
			isa = PBXGroup;
			children = (
				CA67ACB0262764F800575D90 /* SegmentedPaging */,
				CA67ACC7262764FB00575D90 /* SegmentedPagingTests */,
				CA67ACD2262764FB00575D90 /* SegmentedPagingUITests */,
				CA67ACAF262764F800575D90 /* Products */,
			);
			sourceTree = "<group>";
		};
		CA67ACAF262764F800575D90 /* Products */ = {
			isa = PBXGroup;
			children = (
				CA67ACAE262764F800575D90 /* SegmentedPaging.app */,
				CA67ACC4262764FB00575D90 /* SegmentedPagingTests.xctest */,
				CA67ACCF262764FB00575D90 /* SegmentedPagingUITests.xctest */,
			);
			name = Products;
			sourceTree = "<group>";
		};
		CA67ACB0262764F800575D90 /* SegmentedPaging */ = {
			isa = PBXGroup;
			children = (
				CA67ACB1262764F800575D90 /* AppDelegate.swift */,
				CA67ACB3262764F800575D90 /* SceneDelegate.swift */,
				CA67ACB5262764F800575D90 /* ViewController.swift */,
				CA67ACB7262764F800575D90 /* Main.storyboard */,
				CA67ACBA262764FB00575D90 /* Assets.xcassets */,
				CA67ACBC262764FB00575D90 /* LaunchScreen.storyboard */,
				CA67ACBF262764FB00575D90 /* Info.plist */,
			);
			path = SegmentedPaging;
			sourceTree = "<group>";
		};
		CA67ACC7262764FB00575D90 /* SegmentedPagingTests */ = {
			isa = PBXGroup;
			children = (
				CA67ACC8262764FB00575D90 /* SegmentedPagingTests.swift */,
				CA67ACCA262764FB00575D90 /* Info.plist */,
			);
			path = SegmentedPagingTests;
			sourceTree = "<group>";
		};
		CA67ACD2262764FB00575D90 /* SegmentedPagingUITests */ = {
			isa = PBXGroup;
			children = (
				CA67ACD3262764FB00575D90 /* SegmentedPagingUITests.swift */,
				CA67ACD5262764FB00575D90 /* Info.plist */,
			);
			path = SegmentedPagingUITests;
			sourceTree = "<group>";
		};
/* End PBXGroup section */

/* Begin PBXNativeTarget section */
		CA67ACAD262764F800575D90 /* SegmentedPaging */ = {
			isa = PBXNativeTarget;
			buildConfigurationList = CA67ACD8262764FB00575D90 /* Build configuration list for PBXNativeTarget "SegmentedPaging" */;
			buildPhases = (
				CA67ACAA262764F800575D90 /* Sources */,
				CA67ACAB262764F800575D90 /* Frameworks */,
				CA67ACAC262764F800575D90 /* Resources */,
			);
			buildRules = (
			);
			dependencies = (
			);
			name = SegmentedPaging;
			productName = SegmentedPaging;
			productReference = CA67ACAE262764F800575D90 /* SegmentedPaging.app */;
			productType = "com.apple.product-type.application";
		};
		CA67ACC3262764FB00575D90 /* SegmentedPagingTests */ = {
			isa = PBXNativeTarget;
			buildConfigurationList = CA67ACDB262764FB00575D90 /* Build configuration list for PBXNativeTarget "SegmentedPagingTests" */;
			buildPhases = (
				CA67ACC0262764FB00575D90 /* Sources */,
				CA67ACC1262764FB00575D90 /* Frameworks */,
				CA67ACC2262764FB00575D90 /* Resources */,
			);
			buildRules = (
			);
			dependencies = (
				CA67ACC6262764FB00575D90 /* PBXTargetDependency */,
			);
			name = SegmentedPagingTests;
			productName = SegmentedPagingTests;
			productReference = CA67ACC4262764FB00575D90 /* SegmentedPagingTests.xctest */;
			productType = "com.apple.product-type.bundle.unit-test";
		};
		CA67ACCE262764FB00575D90 /* SegmentedPagingUITests */ = {
			isa = PBXNativeTarget;
			buildConfigurationList = CA67ACDE262764FB00575D90 /* Build configuration list for PBXNativeTarget "SegmentedPagingUITests" */;
			buildPhases = (
				CA67ACCB262764FB00575D90 /* Sources */,
				CA67ACCC262764FB00575D90 /* Frameworks */,
				CA67ACCD262764FB00575D90 /* Resources */,
			);
			buildRules = (
			);
			dependencies = (
				CA67ACD1262764FB00575D90 /* PBXTargetDependency */,
			);
			name = SegmentedPagingUITests;
			productName = SegmentedPagingUITests;
			productReference = CA67ACCF262764FB00575D90 /* SegmentedPagingUITests.xctest */;
			productType = "com.apple.product-type.bundle.ui-testing";
		};
/* End PBXNativeTarget section */

/* Begin PBXProject section */
		CA67ACA6262764F800575D90 /* Project object */ = {
			isa = PBXProject;
			attributes = {
				LastSwiftUpdateCheck = 1240;
				LastUpgradeCheck = 1240;
				TargetAttributes = {
					CA67ACAD262764F800575D90 = {
						CreatedOnToolsVersion = 12.4;
					};
					CA67ACC3262764FB00575D90 = {
						CreatedOnToolsVersion = 12.4;
						TestTargetID = CA67ACAD262764F800575D90;
					};
					CA67ACCE262764FB00575D90 = {
						CreatedOnToolsVersion = 12.4;
						TestTargetID = CA67ACAD262764F800575D90;
					};
				};
			};
			buildConfigurationList = CA67ACA9262764F800575D90 /* Build configuration list for PBXProject "SegmentedPaging" */;
			compatibilityVersion = "Xcode 9.3";
			developmentRegion = en;
			hasScannedForEncodings = 0;
			knownRegions = (
				en,
				Base,
			);
			mainGroup = CA67ACA5262764F800575D90;
			productRefGroup = CA67ACAF262764F800575D90 /* Products */;
			projectDirPath = "";
			projectRoot = "";
			targets = (
				CA67ACAD262764F800575D90 /* SegmentedPaging */,
				CA67ACC3262764FB00575D90 /* SegmentedPagingTests */,
				CA67ACCE262764FB00575D90 /* SegmentedPagingUITests */,
			);
		};
/* End PBXProject section */

/* Begin PBXResourcesBuildPhase section */
		CA67ACAC262764F800575D90 /* Resources */ = {
			isa = PBXResourcesBuildPhase;
			buildActionMask = 2147483647;
			files = (
				CA67ACBE262764FB00575D90 /* LaunchScreen.storyboard in Resources */,
				CA67ACBB262764FB00575D90 /* Assets.xcassets in Resources */,
				CA67ACB9262764F800575D90 /* Main.storyboard in Resources */,
			);
			runOnlyForDeploymentPostprocessing = 0;
		};
		CA67ACC2262764FB00575D90 /* Resources */ = {
			isa = PBXResourcesBuildPhase;
			buildActionMask = 2147483647;
			files = (
			);
			runOnlyForDeploymentPostprocessing = 0;
		};
		CA67ACCD262764FB00575D90 /* Resources */ = {
			isa = PBXResourcesBuildPhase;
			buildActionMask = 2147483647;
			files = (
			);
			runOnlyForDeploymentPostprocessing = 0;
		};
/* End PBXResourcesBuildPhase section */

/* Begin PBXSourcesBuildPhase section */
		CA67ACAA262764F800575D90 /* Sources */ = {
			isa = PBXSourcesBuildPhase;
			buildActionMask = 2147483647;
			files = (
				CA67ACB6262764F800575D90 /* ViewController.swift in Sources */,
				CA67ACB2262764F800575D90 /* AppDelegate.swift in Sources */,
				CA67ACB4262764F800575D90 /* SceneDelegate.swift in Sources */,
			);
			runOnlyForDeploymentPostprocessing = 0;
		};
		CA67ACC0262764FB00575D90 /* Sources */ = {
			isa = PBXSourcesBuildPhase;
			buildActionMask = 2147483647;
			files = (
				CA67ACC9262764FB00575D90 /* SegmentedPagingTests.swift in Sources */,
			);
			runOnlyForDeploymentPostprocessing = 0;
		};
		CA67ACCB262764FB00575D90 /* Sources */ = {
			isa = PBXSourcesBuildPhase;
			buildActionMask = 2147483647;
			files = (
				CA67ACD4262764FB00575D90 /* SegmentedPagingUITests.swift in Sources */,
			);
			runOnlyForDeploymentPostprocessing = 0;
		};
/* End PBXSourcesBuildPhase section */

/* Begin PBXTargetDependency section */
		CA67ACC6262764FB00575D90 /* PBXTargetDependency */ = {
			isa = PBXTargetDependency;
			target = CA67ACAD262764F800575D90 /* SegmentedPaging */;
			targetProxy = CA67ACC5262764FB00575D90 /* PBXContainerItemProxy */;
		};
		CA67ACD1262764FB00575D90 /* PBXTargetDependency */ = {
			isa = PBXTargetDependency;
			target = CA67ACAD262764F800575D90 /* SegmentedPaging */;
			targetProxy = CA67ACD0262764FB00575D90 /* PBXContainerItemProxy */;
		};
/* End PBXTargetDependency section */

/* Begin PBXVariantGroup section */
		CA67ACB7262764F800575D90 /* Main.storyboard */ = {
			isa = PBXVariantGroup;
			children = (
				CA67ACB8262764F800575D90 /* Base */,
			);
			name = Main.storyboard;
			sourceTree = "<group>";
		};
		CA67ACBC262764FB00575D90 /* LaunchScreen.storyboard */ = {
			isa = PBXVariantGroup;
			children = (
				CA67ACBD262764FB00575D90 /* Base */,
			);
			name = LaunchScreen.storyboard;
			sourceTree = "<group>";
		};
/* End PBXVariantGroup section */

/* Begin XCBuildConfiguration section */
		CA67ACD6262764FB00575D90 /* Debug */ = {
			isa = XCBuildConfiguration;
			buildSettings = {
				ALWAYS_SEARCH_USER_PATHS = NO;
				CLANG_ANALYZER_NONNULL = YES;
				CLANG_ANALYZER_NUMBER_OBJECT_CONVERSION = YES_AGGRESSIVE;
				CLANG_CXX_LANGUAGE_STANDARD = "gnu++14";
				CLANG_CXX_LIBRARY = "libc++";
				CLANG_ENABLE_MODULES = YES;
				CLANG_ENABLE_OBJC_ARC = YES;
				CLANG_ENABLE_OBJC_WEAK = YES;
				CLANG_WARN_BLOCK_CAPTURE_AUTORELEASING = YES;
				CLANG_WARN_BOOL_CONVERSION = YES;
				CLANG_WARN_COMMA = YES;
				CLANG_WARN_CONSTANT_CONVERSION = YES;
				CLANG_WARN_DEPRECATED_OBJC_IMPLEMENTATIONS = YES;
				CLANG_WARN_DIRECT_OBJC_ISA_USAGE = YES_ERROR;
				CLANG_WARN_DOCUMENTATION_COMMENTS = YES;
				CLANG_WARN_EMPTY_BODY = YES;
				CLANG_WARN_ENUM_CONVERSION = YES;
				CLANG_WARN_INFINITE_RECURSION = YES;
				CLANG_WARN_INT_CONVERSION = YES;
				CLANG_WARN_NON_LITERAL_NULL_CONVERSION = YES;
				CLANG_WARN_OBJC_IMPLICIT_RETAIN_SELF = YES;
				CLANG_WARN_OBJC_LITERAL_CONVERSION = YES;
				CLANG_WARN_OBJC_ROOT_CLASS = YES_ERROR;
				CLANG_WARN_QUOTED_INCLUDE_IN_FRAMEWORK_HEADER = YES;
				CLANG_WARN_RANGE_LOOP_ANALYSIS = YES;
				CLANG_WARN_STRICT_PROTOTYPES = YES;
				CLANG_WARN_SUSPICIOUS_MOVE = YES;
				CLANG_WARN_UNGUARDED_AVAILABILITY = YES_AGGRESSIVE;
				CLANG_WARN_UNREACHABLE_CODE = YES;
				CLANG_WARN__DUPLICATE_METHOD_MATCH = YES;
				COPY_PHASE_STRIP = NO;
				DEBUG_INFORMATION_FORMAT = dwarf;
				ENABLE_STRICT_OBJC_MSGSEND = YES;
				ENABLE_TESTABILITY = YES;
				GCC_C_LANGUAGE_STANDARD = gnu11;
				GCC_DYNAMIC_NO_PIC = NO;
				GCC_NO_COMMON_BLOCKS = YES;
				GCC_OPTIMIZATION_LEVEL = 0;
				GCC_PREPROCESSOR_DEFINITIONS = (
					"DEBUG=1",
					"$(inherited)",
				);
				GCC_WARN_64_TO_32_BIT_CONVERSION = YES;
				GCC_WARN_ABOUT_RETURN_TYPE = YES_ERROR;
				GCC_WARN_UNDECLARED_SELECTOR = YES;
				GCC_WARN_UNINITIALIZED_AUTOS = YES_AGGRESSIVE;
				GCC_WARN_UNUSED_FUNCTION = YES;
				GCC_WARN_UNUSED_VARIABLE = YES;
				IPHONEOS_DEPLOYMENT_TARGET = 14.4;
				MTL_ENABLE_DEBUG_INFO = INCLUDE_SOURCE;
				MTL_FAST_MATH = YES;
				ONLY_ACTIVE_ARCH = YES;
				SDKROOT = iphoneos;
				SWIFT_ACTIVE_COMPILATION_CONDITIONS = DEBUG;
				SWIFT_OPTIMIZATION_LEVEL = "-Onone";
			};
			name = Debug;
		};
		CA67ACD7262764FB00575D90 /* Release */ = {
			isa = XCBuildConfiguration;
			buildSettings = {
				ALWAYS_SEARCH_USER_PATHS = NO;
				CLANG_ANALYZER_NONNULL = YES;
				CLANG_ANALYZER_NUMBER_OBJECT_CONVERSION = YES_AGGRESSIVE;
				CLANG_CXX_LANGUAGE_STANDARD = "gnu++14";
				CLANG_CXX_LIBRARY = "libc++";
				CLANG_ENABLE_MODULES = YES;
				CLANG_ENABLE_OBJC_ARC = YES;
				CLANG_ENABLE_OBJC_WEAK = YES;
				CLANG_WARN_BLOCK_CAPTURE_AUTORELEASING = YES;
				CLANG_WARN_BOOL_CONVERSION = YES;
				CLANG_WARN_COMMA = YES;
				CLANG_WARN_CONSTANT_CONVERSION = YES;
				CLANG_WARN_DEPRECATED_OBJC_IMPLEMENTATIONS = YES;
				CLANG_WARN_DIRECT_OBJC_ISA_USAGE = YES_ERROR;
				CLANG_WARN_DOCUMENTATION_COMMENTS = YES;
				CLANG_WARN_EMPTY_BODY = YES;
				CLANG_WARN_ENUM_CONVERSION = YES;
				CLANG_WARN_INFINITE_RECURSION = YES;
				CLANG_WARN_INT_CONVERSION = YES;
				CLANG_WARN_NON_LITERAL_NULL_CONVERSION = YES;
				CLANG_WARN_OBJC_IMPLICIT_RETAIN_SELF = YES;
				CLANG_WARN_OBJC_LITERAL_CONVERSION = YES;
				CLANG_WARN_OBJC_ROOT_CLASS = YES_ERROR;
				CLANG_WARN_QUOTED_INCLUDE_IN_FRAMEWORK_HEADER = YES;
				CLANG_WARN_RANGE_LOOP_ANALYSIS = YES;
				CLANG_WARN_STRICT_PROTOTYPES = YES;
				CLANG_WARN_SUSPICIOUS_MOVE = YES;
				CLANG_WARN_UNGUARDED_AVAILABILITY = YES_AGGRESSIVE;
				CLANG_WARN_UNREACHABLE_CODE = YES;
				CLANG_WARN__DUPLICATE_METHOD_MATCH = YES;
				COPY_PHASE_STRIP = NO;
				DEBUG_INFORMATION_FORMAT = "dwarf-with-dsym";
				ENABLE_NS_ASSERTIONS = NO;
				ENABLE_STRICT_OBJC_MSGSEND = YES;
				GCC_C_LANGUAGE_STANDARD = gnu11;
				GCC_NO_COMMON_BLOCKS = YES;
				GCC_WARN_64_TO_32_BIT_CONVERSION = YES;
				GCC_WARN_ABOUT_RETURN_TYPE = YES_ERROR;
				GCC_WARN_UNDECLARED_SELECTOR = YES;
				GCC_WARN_UNINITIALIZED_AUTOS = YES_AGGRESSIVE;
				GCC_WARN_UNUSED_FUNCTION = YES;
				GCC_WARN_UNUSED_VARIABLE = YES;
				IPHONEOS_DEPLOYMENT_TARGET = 14.4;
				MTL_ENABLE_DEBUG_INFO = NO;
				MTL_FAST_MATH = YES;
				SDKROOT = iphoneos;
				SWIFT_COMPILATION_MODE = wholemodule;
				SWIFT_OPTIMIZATION_LEVEL = "-O";
				VALIDATE_PRODUCT = YES;
			};
			name = Release;
		};
		CA67ACD9262764FB00575D90 /* Debug */ = {
			isa = XCBuildConfiguration;
			buildSettings = {
				ASSETCATALOG_COMPILER_APPICON_NAME = AppIcon;
				ASSETCATALOG_COMPILER_GLOBAL_ACCENT_COLOR_NAME = AccentColor;
				CODE_SIGN_STYLE = Automatic;
				DEVELOPMENT_TEAM = 95A3Z2AW32;
				INFOPLIST_FILE = SegmentedPaging/Info.plist;
				LD_RUNPATH_SEARCH_PATHS = (
					"$(inherited)",
					"@executable_path/Frameworks",
				);
				PRODUCT_BUNDLE_IDENTIFIER = com.pan.SegmentedPaging;
				PRODUCT_NAME = "$(TARGET_NAME)";
				SWIFT_VERSION = 5.0;
				TARGETED_DEVICE_FAMILY = "1,2";
			};
			name = Debug;
		};
		CA67ACDA262764FB00575D90 /* Release */ = {
			isa = XCBuildConfiguration;
			buildSettings = {
				ASSETCATALOG_COMPILER_APPICON_NAME = AppIcon;
				ASSETCATALOG_COMPILER_GLOBAL_ACCENT_COLOR_NAME = AccentColor;
				CODE_SIGN_STYLE = Automatic;
				DEVELOPMENT_TEAM = 95A3Z2AW32;
				INFOPLIST_FILE = SegmentedPaging/Info.plist;
				LD_RUNPATH_SEARCH_PATHS = (
					"$(inherited)",
					"@executable_path/Frameworks",
				);
				PRODUCT_BUNDLE_IDENTIFIER = com.pan.SegmentedPaging;
				PRODUCT_NAME = "$(TARGET_NAME)";
				SWIFT_VERSION = 5.0;
				TARGETED_DEVICE_FAMILY = "1,2";
			};
			name = Release;
		};
		CA67ACDC262764FB00575D90 /* Debug */ = {
			isa = XCBuildConfiguration;
			buildSettings = {
				ALWAYS_EMBED_SWIFT_STANDARD_LIBRARIES = YES;
				BUNDLE_LOADER = "$(TEST_HOST)";
				CODE_SIGN_STYLE = Automatic;
				DEVELOPMENT_TEAM = 95A3Z2AW32;
				INFOPLIST_FILE = SegmentedPagingTests/Info.plist;
				IPHONEOS_DEPLOYMENT_TARGET = 14.4;
				LD_RUNPATH_SEARCH_PATHS = (
					"$(inherited)",
					"@executable_path/Frameworks",
					"@loader_path/Frameworks",
				);
				PRODUCT_BUNDLE_IDENTIFIER = com.pan.SegmentedPagingTests;
				PRODUCT_NAME = "$(TARGET_NAME)";
				SWIFT_VERSION = 5.0;
				TARGETED_DEVICE_FAMILY = "1,2";
				TEST_HOST = "$(BUILT_PRODUCTS_DIR)/SegmentedPaging.app/SegmentedPaging";
			};
			name = Debug;
		};
		CA67ACDD262764FB00575D90 /* Release */ = {
			isa = XCBuildConfiguration;
			buildSettings = {
				ALWAYS_EMBED_SWIFT_STANDARD_LIBRARIES = YES;
				BUNDLE_LOADER = "$(TEST_HOST)";
				CODE_SIGN_STYLE = Automatic;
				DEVELOPMENT_TEAM = 95A3Z2AW32;
				INFOPLIST_FILE = SegmentedPagingTests/Info.plist;
				IPHONEOS_DEPLOYMENT_TARGET = 14.4;
				LD_RUNPATH_SEARCH_PATHS = (
					"$(inherited)",
					"@executable_path/Frameworks",
					"@loader_path/Frameworks",
				);
				PRODUCT_BUNDLE_IDENTIFIER = com.pan.SegmentedPagingTests;
				PRODUCT_NAME = "$(TARGET_NAME)";
				SWIFT_VERSION = 5.0;
				TARGETED_DEVICE_FAMILY = "1,2";
				TEST_HOST = "$(BUILT_PRODUCTS_DIR)/SegmentedPaging.app/SegmentedPaging";
			};
			name = Release;
		};
		CA67ACDF262764FB00575D90 /* Debug */ = {
			isa = XCBuildConfiguration;
			buildSettings = {
				ALWAYS_EMBED_SWIFT_STANDARD_LIBRARIES = YES;
				CODE_SIGN_STYLE = Automatic;
				DEVELOPMENT_TEAM = 95A3Z2AW32;
				INFOPLIST_FILE = SegmentedPagingUITests/Info.plist;
				LD_RUNPATH_SEARCH_PATHS = (
					"$(inherited)",
					"@executable_path/Frameworks",
					"@loader_path/Frameworks",
				);
				PRODUCT_BUNDLE_IDENTIFIER = com.pan.SegmentedPagingUITests;
				PRODUCT_NAME = "$(TARGET_NAME)";
				SWIFT_VERSION = 5.0;
				TARGETED_DEVICE_FAMILY = "1,2";
				TEST_TARGET_NAME = SegmentedPaging;
			};
			name = Debug;
		};
		CA67ACE0262764FB00575D90 /* Release */ = {
			isa = XCBuildConfiguration;
			buildSettings = {
				ALWAYS_EMBED_SWIFT_STANDARD_LIBRARIES = YES;
				CODE_SIGN_STYLE = Automatic;
				DEVELOPMENT_TEAM = 95A3Z2AW32;
				INFOPLIST_FILE = SegmentedPagingUITests/Info.plist;
				LD_RUNPATH_SEARCH_PATHS = (
					"$(inherited)",
					"@executable_path/Frameworks",
					"@loader_path/Frameworks",
				);
				PRODUCT_BUNDLE_IDENTIFIER = com.pan.SegmentedPagingUITests;
				PRODUCT_NAME = "$(TARGET_NAME)";
				SWIFT_VERSION = 5.0;
				TARGETED_DEVICE_FAMILY = "1,2";
				TEST_TARGET_NAME = SegmentedPaging;
			};
			name = Release;
		};
/* End XCBuildConfiguration section */

/* Begin XCConfigurationList section */
		CA67ACA9262764F800575D90 /* Build configuration list for PBXProject "SegmentedPaging" */ = {
			isa = XCConfigurationList;
			buildConfigurations = (
				CA67ACD6262764FB00575D90 /* Debug */,
				CA67ACD7262764FB00575D90 /* Release */,
			);
			defaultConfigurationIsVisible = 0;
			defaultConfigurationName = Release;
		};
		CA67ACD8262764FB00575D90 /* Build configuration list for PBXNativeTarget "SegmentedPaging" */ = {
			isa = XCConfigurationList;
			buildConfigurations = (
				CA67ACD9262764FB00575D90 /* Debug */,
				CA67ACDA262764FB00575D90 /* Release */,
			);
			defaultConfigurationIsVisible = 0;
			defaultConfigurationName = Release;
		};
		CA67ACDB262764FB00575D90 /* Build configuration list for PBXNativeTarget "SegmentedPagingTests" */ = {
			isa = XCConfigurationList;
			buildConfigurations = (
				CA67ACDC262764FB00575D90 /* Debug */,
				CA67ACDD262764FB00575D90 /* Release */,
			);
			defaultConfigurationIsVisible = 0;
			defaultConfigurationName = Release;
		};
		CA67ACDE262764FB00575D90 /* Build configuration list for PBXNativeTarget "SegmentedPagingUITests" */ = {
			isa = XCConfigurationList;
			buildConfigurations = (
				CA67ACDF262764FB00575D90 /* Debug */,
				CA67ACE0262764FB00575D90 /* Release */,
			);
			defaultConfigurationIsVisible = 0;
			defaultConfigurationName = Release;
		};
/* End XCConfigurationList section */
	};
	rootObject = CA67ACA6262764F800575D90 /* Project object */;
}
